{
  "name": "puzztoolbot",
  "version": "0.0.1",
  "lockfileVersion": 2,
  "requires": true,
  "packages": {
    "": {
      "name": "puzztoolbot",
      "version": "0.0.1",
      "license": "MIT",
      "dependencies": {
        "puzzle-lib": "^1.5.0"
      }
    },
    "node_modules/puzzle-lib": {
      "version": "1.6.0",
      "resolved": "https://registry.npmjs.org/puzzle-lib/-/puzzle-lib-1.6.0.tgz",
      "integrity": "sha512-rrUgOntRvz9Q3H3KXE00EOd7sCtq8+0QLYu4f8e1Re8TFFdYcy09urbXWJKkj/8g3PT7/mAZ6slR32H+GpE9WA==",
      "dependencies": {
        "trie-prefix-tree": "^1.5.1"
      }
    },
    "node_modules/trie-prefix-tree": {
      "version": "1.5.1",
      "resolved": "https://registry.npmjs.org/trie-prefix-tree/-/trie-prefix-tree-1.5.1.tgz",
      "integrity": "sha512-Jjvj/dA97wXnabG/NLJUgo4IQMj6vucH+Qxm7of/omfWSmZlPqdRU6Ta4GmQqCZH+n3/iYZUwfvUoEhB0Hs83Q=="
    }
  },
  "dependencies": {
    "puzzle-lib": {
      "version": "1.6.0",
      "resolved": "https://registry.npmjs.org/puzzle-lib/-/puzzle-lib-1.6.0.tgz",
      "integrity": "sha512-rrUgOntRvz9Q3H3KXE00EOd7sCtq8+0QLYu4f8e1Re8TFFdYcy09urbXWJKkj/8g3PT7/mAZ6slR32H+GpE9WA==",
      "requires": {
        "trie-prefix-tree": "^1.5.1"
      }
    },
    "trie-prefix-tree": {
      "version": "1.5.1",
      "resolved": "https://registry.npmjs.org/trie-prefix-tree/-/trie-prefix-tree-1.5.1.tgz",
      "integrity": "sha512-Jjvj/dA97wXnabG/NLJUgo4IQMj6vucH+Qxm7of/omfWSmZlPqdRU6Ta4GmQqCZH+n3/iYZUwfvUoEhB0Hs83Q=="
    }
  }
}
